
Microsoft Visual Studio Solution File, Format Version 12.00
# Visual Studio 15
VisualStudioVersion = 15.0.26124.0
MinimumVisualStudioVersion = 15.0.26124.0
Project("{FAE04EC0-301F-11D3-BF4B-00C04F79EFBC}") = "Money.Core", "Money.Core\Money.Core.csproj", "{52B728EA-8D4B-4B16-864F-CC5D0D64628C}"
EndProject
Project("{FAE04EC0-301F-11D3-BF4B-00C04F79EFBC}") = "Money.Db", "Money.Db\Money.Db.csproj", "{A1F99CFE-7415-49B2-B89D-106238A1781D}"
EndProject
Project("{FAE04EC0-301F-11D3-BF4B-00C04F79EFBC}") = "Money.Tests", "Money.Tests\Money.Tests.csproj", "{517F09D3-5C88-4D97-B485-9C8026CA8DE8}"
EndProject
Project("{FAE04EC0-301F-11D3-BF4B-00C04F79EFBC}") = "Money.Web", "Money.Web\Money.Web.csproj", "{BF8D4B19-3A42-4EC5-996C-615CF3001B53}"
EndProject
Global
	GlobalSection(SolutionConfigurationPlatforms) = preSolution
		Debug|Any CPU = Debug|Any CPU
		Debug|x64 = Debug|x64
		Debug|x86 = Debug|x86
		Release|Any CPU = Release|Any CPU
		Release|x64 = Release|x64
		Release|x86 = Release|x86
	EndGlobalSection
	GlobalSection(SolutionProperties) = preSolution
		HideSolutionNode = FALSE
	EndGlobalSection
	GlobalSection(ProjectConfigurationPlatforms) = postSolution
		{52B728EA-8D4B-4B16-864F-CC5D0D64628C}.Debug|Any CPU.ActiveCfg = Debug|Any CPU
		{52B728EA-8D4B-4B16-864F-CC5D0D64628C}.Debug|Any CPU.Build.0 = Debug|Any CPU
		{52B728EA-8D4B-4B16-864F-CC5D0D64628C}.Debug|x64.ActiveCfg = Debug|Any CPU
		{52B728EA-8D4B-4B16-864F-CC5D0D64628C}.Debug|x64.Build.0 = Debug|Any CPU
		{52B728EA-8D4B-4B16-864F-CC5D0D64628C}.Debug|x86.ActiveCfg = Debug|Any CPU
		{52B728EA-8D4B-4B16-864F-CC5D0D64628C}.Debug|x86.Build.0 = Debug|Any CPU
		{52B728EA-8D4B-4B16-864F-CC5D0D64628C}.Release|Any CPU.ActiveCfg = Release|Any CPU
		{52B728EA-8D4B-4B16-864F-CC5D0D64628C}.Release|Any CPU.Build.0 = Release|Any CPU
		{52B728EA-8D4B-4B16-864F-CC5D0D64628C}.Release|x64.ActiveCfg = Release|Any CPU
		{52B728EA-8D4B-4B16-864F-CC5D0D64628C}.Release|x64.Build.0 = Release|Any CPU
		{52B728EA-8D4B-4B16-864F-CC5D0D64628C}.Release|x86.ActiveCfg = Release|Any CPU
		{52B728EA-8D4B-4B16-864F-CC5D0D64628C}.Release|x86.Build.0 = Release|Any CPU
		{A1F99CFE-7415-49B2-B89D-106238A1781D}.Debug|Any CPU.ActiveCfg = Debug|Any CPU
		{A1F99CFE-7415-49B2-B89D-106238A1781D}.Debug|Any CPU.Build.0 = Debug|Any CPU
		{A1F99CFE-7415-49B2-B89D-106238A1781D}.Debug|x64.ActiveCfg = Debug|Any CPU
		{A1F99CFE-7415-49B2-B89D-106238A1781D}.Debug|x64.Build.0 = Debug|Any CPU
		{A1F99CFE-7415-49B2-B89D-106238A1781D}.Debug|x86.ActiveCfg = Debug|Any CPU
		{A1F99CFE-7415-49B2-B89D-106238A1781D}.Debug|x86.Build.0 = Debug|Any CPU
		{A1F99CFE-7415-49B2-B89D-106238A1781D}.Release|Any CPU.ActiveCfg = Release|Any CPU
		{A1F99CFE-7415-49B2-B89D-106238A1781D}.Release|Any CPU.Build.0 = Release|Any CPU
		{A1F99CFE-7415-49B2-B89D-106238A1781D}.Release|x64.ActiveCfg = Release|Any CPU
		{A1F99CFE-7415-49B2-B89D-106238A1781D}.Release|x64.Build.0 = Release|Any CPU
		{A1F99CFE-7415-49B2-B89D-106238A1781D}.Release|x86.ActiveCfg = Release|Any CPU
		{A1F99CFE-7415-49B2-B89D-106238A1781D}.Release|x86.Build.0 = Release|Any CPU
		{517F09D3-5C88-4D97-B485-9C8026CA8DE8}.Debug|Any CPU.ActiveCfg = Debug|Any CPU
		{517F09D3-5C88-4D97-B485-9C8026CA8DE8}.Debug|Any CPU.Build.0 = Debug|Any CPU
		{517F09D3-5C88-4D97-B485-9C8026CA8DE8}.Debug|x64.ActiveCfg = Debug|Any CPU
		{517F09D3-5C88-4D97-B485-9C8026CA8DE8}.Debug|x64.Build.0 = Debug|Any CPU
		{517F09D3-5C88-4D97-B485-9C8026CA8DE8}.Debug|x86.ActiveCfg = Debug|Any CPU
		{517F09D3-5C88-4D97-B485-9C8026CA8DE8}.Debug|x86.Build.0 = Debug|Any CPU
		{517F09D3-5C88-4D97-B485-9C8026CA8DE8}.Release|Any CPU.ActiveCfg = Release|Any CPU
		{517F09D3-5C88-4D97-B485-9C8026CA8DE8}.Release|Any CPU.Build.0 = Release|Any CPU
		{517F09D3-5C88-4D97-B485-9C8026CA8DE8}.Release|x64.ActiveCfg = Release|Any CPU
		{517F09D3-5C88-4D97-B485-9C8026CA8DE8}.Release|x64.Build.0 = Release|Any CPU
		{517F09D3-5C88-4D97-B485-9C8026CA8DE8}.Release|x86.ActiveCfg = Release|Any CPU
		{517F09D3-5C88-4D97-B485-9C8026CA8DE8}.Release|x86.Build.0 = Release|Any CPU
		{BF8D4B19-3A42-4EC5-996C-615CF3001B53}.Debug|Any CPU.ActiveCfg = Debug|Any CPU
		{BF8D4B19-3A42-4EC5-996C-615CF3001B53}.Debug|Any CPU.Build.0 = Debug|Any CPU
		{BF8D4B19-3A42-4EC5-996C-615CF3001B53}.Debug|x64.ActiveCfg = Debug|Any CPU
		{BF8D4B19-3A42-4EC5-996C-615CF3001B53}.Debug|x64.Build.0 = Debug|Any CPU
		{BF8D4B19-3A42-4EC5-996C-615CF3001B53}.Debug|x86.ActiveCfg = Debug|Any CPU
		{BF8D4B19-3A42-4EC5-996C-615CF3001B53}.Debug|x86.Build.0 = Debug|Any CPU
		{BF8D4B19-3A42-4EC5-996C-615CF3001B53}.Release|Any CPU.ActiveCfg = Release|Any CPU
		{BF8D4B19-3A42-4EC5-996C-615CF3001B53}.Release|Any CPU.Build.0 = Release|Any CPU
		{BF8D4B19-3A42-4EC5-996C-615CF3001B53}.Release|x64.ActiveCfg = Release|Any CPU
		{BF8D4B19-3A42-4EC5-996C-615CF3001B53}.Release|x64.Build.0 = Release|Any CPU
		{BF8D4B19-3A42-4EC5-996C-615CF3001B53}.Release|x86.ActiveCfg = Release|Any CPU
		{BF8D4B19-3A42-4EC5-996C-615CF3001B53}.Release|x86.Build.0 = Release|Any CPU
	EndGlobalSection
EndGlobal
