
Microsoft Visual Studio Solution File, Format Version 12.00
# Visual Studio 15
VisualStudioVersion = 15.0.26730.16
MinimumVisualStudioVersion = 10.0.40219.1
Project("{FAE04EC0-301F-11D3-BF4B-00C04F79EFBC}") = "Money.Parser", "Money.Parser\Money.Parser.csproj", "{948C0B9B-150A-4470-9145-16EBE47C54E4}"
EndProject
Project("{FAE04EC0-301F-11D3-BF4B-00C04F79EFBC}") = "Money.Tests", "Money.Tests\Money.Tests.csproj", "{A7F80E7F-C0D9-4A9E-9C6A-313032BB8754}"
EndProject
Project("{FAE04EC0-301F-11D3-BF4B-00C04F79EFBC}") = "Money.Web", "Money.Web\Money.Web.csproj", "{C810CC74-CD51-4110-9059-51906F74C923}"
EndProject
Project("{FAE04EC0-301F-11D3-BF4B-00C04F79EFBC}") = "Money.Db", "Money.Db\Money.Db.csproj", "{09A55C14-A71D-4C0A-9834-526B835B91EE}"
EndProject
Global
	GlobalSection(SolutionConfigurationPlatforms) = preSolution
		Debug|Any CPU = Debug|Any CPU
		Release|Any CPU = Release|Any CPU
	EndGlobalSection
	GlobalSection(ProjectConfigurationPlatforms) = postSolution
		{948C0B9B-150A-4470-9145-16EBE47C54E4}.Debug|Any CPU.ActiveCfg = Debug|Any CPU
		{948C0B9B-150A-4470-9145-16EBE47C54E4}.Debug|Any CPU.Build.0 = Debug|Any CPU
		{948C0B9B-150A-4470-9145-16EBE47C54E4}.Release|Any CPU.ActiveCfg = Release|Any CPU
		{948C0B9B-150A-4470-9145-16EBE47C54E4}.Release|Any CPU.Build.0 = Release|Any CPU
		{A7F80E7F-C0D9-4A9E-9C6A-313032BB8754}.Debug|Any CPU.ActiveCfg = Debug|Any CPU
		{A7F80E7F-C0D9-4A9E-9C6A-313032BB8754}.Debug|Any CPU.Build.0 = Debug|Any CPU
		{A7F80E7F-C0D9-4A9E-9C6A-313032BB8754}.Release|Any CPU.ActiveCfg = Release|Any CPU
		{A7F80E7F-C0D9-4A9E-9C6A-313032BB8754}.Release|Any CPU.Build.0 = Release|Any CPU
		{C810CC74-CD51-4110-9059-51906F74C923}.Debug|Any CPU.ActiveCfg = Debug|Any CPU
		{C810CC74-CD51-4110-9059-51906F74C923}.Debug|Any CPU.Build.0 = Debug|Any CPU
		{C810CC74-CD51-4110-9059-51906F74C923}.Release|Any CPU.ActiveCfg = Release|Any CPU
		{C810CC74-CD51-4110-9059-51906F74C923}.Release|Any CPU.Build.0 = Release|Any CPU
		{09A55C14-A71D-4C0A-9834-526B835B91EE}.Debug|Any CPU.ActiveCfg = Debug|Any CPU
		{09A55C14-A71D-4C0A-9834-526B835B91EE}.Debug|Any CPU.Build.0 = Debug|Any CPU
		{09A55C14-A71D-4C0A-9834-526B835B91EE}.Release|Any CPU.ActiveCfg = Release|Any CPU
		{09A55C14-A71D-4C0A-9834-526B835B91EE}.Release|Any CPU.Build.0 = Release|Any CPU
	EndGlobalSection
	GlobalSection(SolutionProperties) = preSolution
		HideSolutionNode = FALSE
	EndGlobalSection
	GlobalSection(ExtensibilityGlobals) = postSolution
		SolutionGuid = {FFE57EDC-CDD5-481A-82DD-3511AE195F1D}
	EndGlobalSection
EndGlobal
